// !$*UTF8*$!
{
	archiveVersion = 1;
	classes = {
	};
	objectVersion = 77;
	objects = {

/* Begin PBXBuildFile section */
		22C842772F2F59570007A038 /* FirebaseAuth in Frameworks */ = {isa = PBXBuildFile; productRef = 22C842762F2F59570007A038 /* FirebaseAuth */; };
		22C842792F2F59650007A038 /* FirebaseFirestore in Frameworks */ = {isa = PBXBuildFile; productRef = 22C842782F2F59650007A038 /* FirebaseFirestore */; };
		22C8427B2F2F59720007A038 /* FirebaseStorage in Frameworks */ = {isa = PBXBuildFile; productRef = 22C8427A2F2F59720007A038 /* FirebaseStorage */; };
		22C8427D2F2F597F0007A038 /* FirebaseDatabase in Frameworks */ = {isa = PBXBuildFile; productRef = 22C8427C2F2F597F0007A038 /* FirebaseDatabase */; };
		22C8427F2F2F598C0007A038 /* FirebaseAnalytics in Frameworks */ = {isa = PBXBuildFile; productRef = 22C8427E2F2F598C0007A038 /* FirebaseAnalytics */; };
		22C843E32F2FEE480007A038 /* GoogleSignIn in Frameworks */ = {isa = PBXBuildFile; productRef = 22C842812F2F59B00007A038 /* GoogleSignIn */; };
		22C844532F2FEF660007A038 /* GoogleSignInSwift in Frameworks */ = {isa = PBXBuildFile; productRef = 22C844522F2FEF660007A038 /* GoogleSignInSwift */; };
		22C845612F35C1690007A038 /* WebRTC in Frameworks */ = {isa = PBXBuildFile; productRef = 22C845602F35C1690007A038 /* WebRTC */; };
/* End PBXBuildFile section */

/* Begin PBXContainerItemProxy section */
		227296182F2DF3BD00F823AB /* PBXContainerItemProxy */ = {
			isa = PBXContainerItemProxy;
			containerPortal = 227296002F2DF3BB00F823AB /* Project object */;
			proxyType = 1;
			remoteGlobalIDString = 227296072F2DF3BB00F823AB;
			remoteInfo = Llinks;
		};
		227296222F2DF3BD00F823AB /* PBXContainerItemProxy */ = {
			isa = PBXContainerItemProxy;
			containerPortal = 227296002F2DF3BB00F823AB /* Project object */;
			proxyType = 1;
			remoteGlobalIDString = 227296072F2DF3BB00F823AB;
			remoteInfo = Llinks;
		};
/* End PBXContainerItemProxy section */

/* Begin PBXFileReference section */
		227296082F2DF3BB00F823AB /* Llinks.app */ = {isa = PBXFileReference; explicitFileType = wrapper.application; includeInIndex = 0; path = Llinks.app; sourceTree = BUILT_PRODUCTS_DIR; };
		227296172F2DF3BD00F823AB /* LlinksTests.xctest */ = {isa = PBXFileReference; explicitFileType = wrapper.cfbundle; includeInIndex = 0; path = LlinksTests.xctest; sourceTree = BUILT_PRODUCTS_DIR; };
		227296212F2DF3BD00F823AB /* LlinksUITests.xctest */ = {isa = PBXFileReference; explicitFileType = wrapper.cfbundle; includeInIndex = 0; path = LlinksUITests.xctest; sourceTree = BUILT_PRODUCTS_DIR; };
/* End PBXFileReference section */

/* Begin PBXFileSystemSynchronizedBuildFileExceptionSet section */
		22C842912F2F6BF00007A038 /* Exceptions for "Llinks" folder in "Llinks" target */ = {
			isa = PBXFileSystemSynchronizedBuildFileExceptionSet;
			membershipExceptions = (
				Info.plist,
			);
			target = 227296072F2DF3BB00F823AB /* Llinks */;
		};
/* End PBXFileSystemSynchronizedBuildFileExceptionSet section */

/* Begin PBXFileSystemSynchronizedRootGroup section */
		22447CD72F2EBE7A00B709E1 /* Llinks */ = {
			isa = PBXFileSystemSynchronizedRootGroup;
			exceptions = (
				22C842912F2F6BF00007A038 /* Exceptions for "Llinks" folder in "Llinks" target */,
			);
			path = Llinks;
			sourceTree = "<group>";
		};
		2272961A2F2DF3BD00F823AB /* LlinksTests */ = {
			isa = PBXFileSystemSynchronizedRootGroup;
			path = LlinksTests;
			sourceTree = "<group>";
		};
		227296242F2DF3BD00F823AB /* LlinksUITests */ = {
			isa = PBXFileSystemSynchronizedRootGroup;
			path = LlinksUITests;
			sourceTree = "<group>";
		};
/* End PBXFileSystemSynchronizedRootGroup section */

/* Begin PBXFrameworksBuildPhase section */
		227296052F2DF3BB00F823AB /* Frameworks */ = {
			isa = PBXFrameworksBuildPhase;
			buildActionMask = 2147483647;
			files = (
				22C843E32F2FEE480007A038 /* GoogleSignIn in Frameworks */,
				22C842772F2F59570007A038 /* FirebaseAuth in Frameworks */,
				22C844532F2FEF660007A038 /* GoogleSignInSwift in Frameworks */,
				22C842792F2F59650007A038 /* FirebaseFirestore in Frameworks */,
				22C8427D2F2F597F0007A038 /* FirebaseDatabase in Frameworks */,
				22C845612F35C1690007A038 /* WebRTC in Frameworks */,
				22C8427F2F2F598C0007A038 /* FirebaseAnalytics in Frameworks */,
				22C8427B2F2F59720007A038 /* FirebaseStorage in Frameworks */,
			);
			runOnlyForDeploymentPostprocessing = 0;
		};
		227296142F2DF3BD00F823AB /* Frameworks */ = {
			isa = PBXFrameworksBuildPhase;
			buildActionMask = 2147483647;
			files = (
			);
			runOnlyForDeploymentPostprocessing = 0;
		};
		2272961E2F2DF3BD00F823AB /* Frameworks */ = {
			isa = PBXFrameworksBuildPhase;
			buildActionMask = 2147483647;
			files = (
			);
			runOnlyForDeploymentPostprocessing = 0;
		};
/* End PBXFrameworksBuildPhase section */

/* Begin PBXGroup section */
		22447D012F2F514A00B709E1 /* Frameworks */ = {
			isa = PBXGroup;
			children = (
			);
			name = Frameworks;
			sourceTree = "<group>";
		};
		227295FF2F2DF3BB00F823AB = {
			isa = PBXGroup;
			children = (
				22447CD72F2EBE7A00B709E1 /* Llinks */,
				2272961A2F2DF3BD00F823AB /* LlinksTests */,
				227296242F2DF3BD00F823AB /* LlinksUITests */,
				22447D012F2F514A00B709E1 /* Frameworks */,
				227296092F2DF3BB00F823AB /* Products */,
			);
			sourceTree = "<group>";
		};
		227296092F2DF3BB00F823AB /* Products */ = {
			isa = PBXGroup;
			children = (
				227296082F2DF3BB00F823AB /* Llinks.app */,
				227296172F2DF3BD00F823AB /* LlinksTests.xctest */,
				227296212F2DF3BD00F823AB /* LlinksUITests.xctest */,
			);
			name = Products;
			sourceTree = "<group>";
		};
/* End PBXGroup section */

/* Begin PBXNativeTarget section */
		227296072F2DF3BB00F823AB /* Llinks */ = {
			isa = PBXNativeTarget;
			buildConfigurationList = 2272962B2F2DF3BD00F823AB /* Build configuration list for PBXNativeTarget "Llinks" */;
			buildPhases = (
				227296042F2DF3BB00F823AB /* Sources */,
				227296052F2DF3BB00F823AB /* Frameworks */,
				227296062F2DF3BB00F823AB /* Resources */,
			);
			buildRules = (
			);
			dependencies = (
			);
			fileSystemSynchronizedGroups = (
				22447CD72F2EBE7A00B709E1 /* Llinks */,
			);
			name = Llinks;
			packageProductDependencies = (
				22C842762F2F59570007A038 /* FirebaseAuth */,
				22C842782F2F59650007A038 /* FirebaseFirestore */,
				22C8427A2F2F59720007A038 /* FirebaseStorage */,
				22C8427C2F2F597F0007A038 /* FirebaseDatabase */,
				22C8427E2F2F598C0007A038 /* FirebaseAnalytics */,
				22C842812F2F59B00007A038 /* GoogleSignIn */,
				22C844522F2FEF660007A038 /* GoogleSignInSwift */,
				22C845602F35C1690007A038 /* WebRTC */,
			);
			productName = Llinks;
			productReference = 227296082F2DF3BB00F823AB /* Llinks.app */;
			productType = "com.apple.product-type.application";
		};
		227296162F2DF3BD00F823AB /* LlinksTests */ = {
			isa = PBXNativeTarget;
			buildConfigurationList = 2272962E2F2DF3BD00F823AB /* Build configuration list for PBXNativeTarget "LlinksTests" */;
			buildPhases = (
				227296132F2DF3BD00F823AB /* Sources */,
				227296142F2DF3BD00F823AB /* Frameworks */,
				227296152F2DF3BD00F823AB /* Resources */,
			);
			buildRules = (
			);
			dependencies = (
				227296192F2DF3BD00F823AB /* PBXTargetDependency */,
			);
			fileSystemSynchronizedGroups = (
				2272961A2F2DF3BD00F823AB /* LlinksTests */,
			);
			name = LlinksTests;
			packageProductDependencies = (
			);
			productName = LlinksTests;
			productReference = 227296172F2DF3BD00F823AB /* LlinksTests.xctest */;
			productType = "com.apple.product-type.bundle.unit-test";
		};
		227296202F2DF3BD00F823AB /* LlinksUITests */ = {
			isa = PBXNativeTarget;
			buildConfigurationList = 227296312F2DF3BD00F823AB /* Build configuration list for PBXNativeTarget "LlinksUITests" */;
			buildPhases = (
				2272961D2F2DF3BD00F823AB /* Sources */,
				2272961E2F2DF3BD00F823AB /* Frameworks */,
				2272961F2F2DF3BD00F823AB /* Resources */,
			);
			buildRules = (
			);
			dependencies = (
				227296232F2DF3BD00F823AB /* PBXTargetDependency */,
			);
			fileSystemSynchronizedGroups = (
				227296242F2DF3BD00F823AB /* LlinksUITests */,
			);
			name = LlinksUITests;
			packageProductDependencies = (
			);
			productName = LlinksUITests;
			productReference = 227296212F2DF3BD00F823AB /* LlinksUITests.xctest */;
			productType = "com.apple.product-type.bundle.ui-testing";
		};
/* End PBXNativeTarget section */

/* Begin PBXProject section */
		227296002F2DF3BB00F823AB /* Project object */ = {
			isa = PBXProject;
			attributes = {
				BuildIndependentTargetsInParallel = 1;
				LastSwiftUpdateCheck = 2620;
				LastUpgradeCheck = 2620;
				TargetAttributes = {
					227296072F2DF3BB00F823AB = {
						CreatedOnToolsVersion = 26.2;
					};
					227296162F2DF3BD00F823AB = {
						CreatedOnToolsVersion = 26.2;
						TestTargetID = 227296072F2DF3BB00F823AB;
					};
					227296202F2DF3BD00F823AB = {
						CreatedOnToolsVersion = 26.2;
						TestTargetID = 227296072F2DF3BB00F823AB;
					};
				};
			};
			buildConfigurationList = 227296032F2DF3BB00F823AB /* Build configuration list for PBXProject "Llinks" */;
			developmentRegion = en;
			hasScannedForEncodings = 0;
			knownRegions = (
				en,
				Base,
			);
			mainGroup = 227295FF2F2DF3BB00F823AB;
			minimizedProjectReferenceProxies = 1;
			packageReferences = (
				22C842752F2F57C90007A038 /* XCRemoteSwiftPackageReference "firebase-ios-sdk" */,
				22C844512F2FEF660007A038 /* XCRemoteSwiftPackageReference "GoogleSignIn-iOS" */,
				22C8455F2F35C1690007A038 /* XCRemoteSwiftPackageReference "WebRTC" */,
			);
			preferredProjectObjectVersion = 77;
			productRefGroup = 227296092F2DF3BB00F823AB /* Products */;
			projectDirPath = "";
			projectRoot = "";
			targets = (
				227296072F2DF3BB00F823AB /* Llinks */,
				227296162F2DF3BD00F823AB /* LlinksTests */,
				227296202F2DF3BD00F823AB /* LlinksUITests */,
			);
		};
/* End PBXProject section */

/* Begin PBXResourcesBuildPhase section */
		227296062F2DF3BB00F823AB /* Resources */ = {
			isa = PBXResourcesBuildPhase;
			buildActionMask = 2147483647;
			files = (
			);
			runOnlyForDeploymentPostprocessing = 0;
		};
		227296152F2DF3BD00F823AB /* Resources */ = {
			isa = PBXResourcesBuildPhase;
			buildActionMask = 2147483647;
			files = (
			);
			runOnlyForDeploymentPostprocessing = 0;
		};
		2272961F2F2DF3BD00F823AB /* Resources */ = {
			isa = PBXResourcesBuildPhase;
			buildActionMask = 2147483647;
			files = (
			);
			runOnlyForDeploymentPostprocessing = 0;
		};
/* End PBXResourcesBuildPhase section */

/* Begin PBXSourcesBuildPhase section */
		227296042F2DF3BB00F823AB /* Sources */ = {
			isa = PBXSourcesBuildPhase;
			buildActionMask = 2147483647;
			files = (
			);
			runOnlyForDeploymentPostprocessing = 0;
		};
		227296132F2DF3BD00F823AB /* Sources */ = {
			isa = PBXSourcesBuildPhase;
			buildActionMask = 2147483647;
			files = (
			);
			runOnlyForDeploymentPostprocessing = 0;
		};
		2272961D2F2DF3BD00F823AB /* Sources */ = {
			isa = PBXSourcesBuildPhase;
			buildActionMask = 2147483647;
			files = (
			);
			runOnlyForDeploymentPostprocessing = 0;
		};
/* End PBXSourcesBuildPhase section */

/* Begin PBXTargetDependency section */
		227296192F2DF3BD00F823AB /* PBXTargetDependency */ = {
			isa = PBXTargetDependency;
			target = 227296072F2DF3BB00F823AB /* Llinks */;
			targetProxy = 227296182F2DF3BD00F823AB /* PBXContainerItemProxy */;
		};
		227296232F2DF3BD00F823AB /* PBXTargetDependency */ = {
			isa = PBXTargetDependency;
			target = 227296072F2DF3BB00F823AB /* Llinks */;
			targetProxy = 227296222F2DF3BD00F823AB /* PBXContainerItemProxy */;
		};
/* End PBXTargetDependency section */

/* Begin XCBuildConfiguration section */
		227296292F2DF3BD00F823AB /* Debug */ = {
			isa = XCBuildConfiguration;
			buildSettings = {
				ALWAYS_SEARCH_USER_PATHS = NO;
				ASSETCATALOG_COMPILER_GENERATE_SWIFT_ASSET_SYMBOL_EXTENSIONS = YES;
				CLANG_ANALYZER_NONNULL = YES;
				CLANG_ANALYZER_NUMBER_OBJECT_CONVERSION = YES_AGGRESSIVE;
				CLANG_CXX_LANGUAGE_STANDARD = "gnu++20";
				CLANG_ENABLE_MODULES = YES;
				CLANG_ENABLE_OBJC_ARC = YES;
				CLANG_ENABLE_OBJC_WEAK = YES;
				CLANG_WARN_BLOCK_CAPTURE_AUTORELEASING = YES;
				CLANG_WARN_BOOL_CONVERSION = YES;
				CLANG_WARN_COMMA = YES;
				CLANG_WARN_CONSTANT_CONVERSION = YES;
				CLANG_WARN_DEPRECATED_OBJC_IMPLEMENTATIONS = YES;
				CLANG_WARN_DIRECT_OBJC_ISA_USAGE = YES_ERROR;
				CLANG_WARN_DOCUMENTATION_COMMENTS = YES;
				CLANG_WARN_EMPTY_BODY = YES;
				CLANG_WARN_ENUM_CONVERSION = YES;
				CLANG_WARN_INFINITE_RECURSION = YES;
				CLANG_WARN_INT_CONVERSION = YES;
				CLANG_WARN_NON_LITERAL_NULL_CONVERSION = YES;
				CLANG_WARN_OBJC_IMPLICIT_RETAIN_SELF = YES;
				CLANG_WARN_OBJC_LITERAL_CONVERSION = YES;
				CLANG_WARN_OBJC_ROOT_CLASS = YES_ERROR;
				CLANG_WARN_QUOTED_INCLUDE_IN_FRAMEWORK_HEADER = YES;
				CLANG_WARN_RANGE_LOOP_ANALYSIS = YES;
				CLANG_WARN_STRICT_PROTOTYPES = YES;
				CLANG_WARN_SUSPICIOUS_MOVE = YES;
				CLANG_WARN_UNGUARDED_AVAILABILITY = YES_AGGRESSIVE;
				CLANG_WARN_UNREACHABLE_CODE = YES;
				CLANG_WARN__DUPLICATE_METHOD_MATCH = YES;
				COPY_PHASE_STRIP = NO;
				DEBUG_INFORMATION_FORMAT = dwarf;
				DEVELOPMENT_TEAM = 2NXN9F6VAY;
				ENABLE_STRICT_OBJC_MSGSEND = YES;
				ENABLE_TESTABILITY = YES;
				ENABLE_USER_SCRIPT_SANDBOXING = YES;
				GCC_C_LANGUAGE_STANDARD = gnu17;
				GCC_DYNAMIC_NO_PIC = NO;
				GCC_NO_COMMON_BLOCKS = YES;
				GCC_OPTIMIZATION_LEVEL = 0;
				GCC_PREPROCESSOR_DEFINITIONS = (
					"DEBUG=1",
					"$(inherited)",
				);
				GCC_WARN_64_TO_32_BIT_CONVERSION = YES;
				GCC_WARN_ABOUT_RETURN_TYPE = YES_ERROR;
				GCC_WARN_UNDECLARED_SELECTOR = YES;
				GCC_WARN_UNINITIALIZED_AUTOS = YES_AGGRESSIVE;
				GCC_WARN_UNUSED_FUNCTION = YES;
				GCC_WARN_UNUSED_VARIABLE = YES;
				IPHONEOS_DEPLOYMENT_TARGET = 26.2;
				LOCALIZATION_PREFERS_STRING_CATALOGS = YES;
				MTL_ENABLE_DEBUG_INFO = INCLUDE_SOURCE;
				MTL_FAST_MATH = YES;
				ONLY_ACTIVE_ARCH = YES;
				SDKROOT = iphoneos;
				SWIFT_ACTIVE_COMPILATION_CONDITIONS = "DEBUG $(inherited)";
				SWIFT_OPTIMIZATION_LEVEL = "-Onone";
			};
			name = Debug;
		};
		2272962A2F2DF3BD00F823AB /* Release */ = {
			isa = XCBuildConfiguration;
			buildSettings = {
				ALWAYS_SEARCH_USER_PATHS = NO;
				ASSETCATALOG_COMPILER_GENERATE_SWIFT_ASSET_SYMBOL_EXTENSIONS = YES;
				CLANG_ANALYZER_NONNULL = YES;
				CLANG_ANALYZER_NUMBER_OBJECT_CONVERSION = YES_AGGRESSIVE;
				CLANG_CXX_LANGUAGE_STANDARD = "gnu++20";
				CLANG_ENABLE_MODULES = YES;
				CLANG_ENABLE_OBJC_ARC = YES;
				CLANG_ENABLE_OBJC_WEAK = YES;
				CLANG_WARN_BLOCK_CAPTURE_AUTORELEASING = YES;
				CLANG_WARN_BOOL_CONVERSION = YES;
				CLANG_WARN_COMMA = YES;
				CLANG_WARN_CONSTANT_CONVERSION = YES;
				CLANG_WARN_DEPRECATED_OBJC_IMPLEMENTATIONS = YES;
				CLANG_WARN_DIRECT_OBJC_ISA_USAGE = YES_ERROR;
				CLANG_WARN_DOCUMENTATION_COMMENTS = YES;
				CLANG_WARN_EMPTY_BODY = YES;
				CLANG_WARN_ENUM_CONVERSION = YES;
				CLANG_WARN_INFINITE_RECURSION = YES;
				CLANG_WARN_INT_CONVERSION = YES;
				CLANG_WARN_NON_LITERAL_NULL_CONVERSION = YES;
				CLANG_WARN_OBJC_IMPLICIT_RETAIN_SELF = YES;
				CLANG_WARN_OBJC_LITERAL_CONVERSION = YES;
				CLANG_WARN_OBJC_ROOT_CLASS = YES_ERROR;
				CLANG_WARN_QUOTED_INCLUDE_IN_FRAMEWORK_HEADER = YES;
				CLANG_WARN_RANGE_LOOP_ANALYSIS = YES;
				CLANG_WARN_STRICT_PROTOTYPES = YES;
				CLANG_WARN_SUSPICIOUS_MOVE = YES;
				CLANG_WARN_UNGUARDED_AVAILABILITY = YES_AGGRESSIVE;
				CLANG_WARN_UNREACHABLE_CODE = YES;
				CLANG_WARN__DUPLICATE_METHOD_MATCH = YES;
				COPY_PHASE_STRIP = NO;
				DEBUG_INFORMATION_FORMAT = "dwarf-with-dsym";
				DEVELOPMENT_TEAM = 2NXN9F6VAY;
				ENABLE_NS_ASSERTIONS = NO;
				ENABLE_STRICT_OBJC_MSGSEND = YES;
				ENABLE_USER_SCRIPT_SANDBOXING = YES;
				GCC_C_LANGUAGE_STANDARD = gnu17;
				GCC_NO_COMMON_BLOCKS = YES;
				GCC_WARN_64_TO_32_BIT_CONVERSION = YES;
				GCC_WARN_ABOUT_RETURN_TYPE = YES_ERROR;
				GCC_WARN_UNDECLARED_SELECTOR = YES;
				GCC_WARN_UNINITIALIZED_AUTOS = YES_AGGRESSIVE;
				GCC_WARN_UNUSED_FUNCTION = YES;
				GCC_WARN_UNUSED_VARIABLE = YES;
				IPHONEOS_DEPLOYMENT_TARGET = 26.2;
				LOCALIZATION_PREFERS_STRING_CATALOGS = YES;
				MTL_ENABLE_DEBUG_INFO = NO;
				MTL_FAST_MATH = YES;
				SDKROOT = iphoneos;
				SWIFT_COMPILATION_MODE = wholemodule;
				VALIDATE_PRODUCT = YES;
			};
			name = Release;
		};
		2272962C2F2DF3BD00F823AB /* Debug */ = {
			isa = XCBuildConfiguration;
			buildSettings = {
				ASSETCATALOG_COMPILER_APPICON_NAME = AppIcon;
				ASSETCATALOG_COMPILER_GLOBAL_ACCENT_COLOR_NAME = AccentColor;
				CODE_SIGN_STYLE = Automatic;
				CURRENT_PROJECT_VERSION = 1;
				DEVELOPMENT_TEAM = 2NXN9F6VAY;
				ENABLE_PREVIEWS = YES;
				GENERATE_INFOPLIST_FILE = YES;
				INFOPLIST_FILE = Llinks/Info.plist;
				INFOPLIST_KEY_UIApplicationSceneManifest_Generation = YES;
				INFOPLIST_KEY_UIApplicationSupportsIndirectInputEvents = YES;
				INFOPLIST_KEY_UILaunchScreen_Generation = YES;
				INFOPLIST_KEY_UISupportedInterfaceOrientations_iPad = "UIInterfaceOrientationPortrait UIInterfaceOrientationPortraitUpsideDown UIInterfaceOrientationLandscapeLeft UIInterfaceOrientationLandscapeRight";
				INFOPLIST_KEY_UISupportedInterfaceOrientations_iPhone = "UIInterfaceOrientationPortrait UIInterfaceOrientationLandscapeLeft UIInterfaceOrientationLandscapeRight";
				LD_RUNPATH_SEARCH_PATHS = (
					"$(inherited)",
					"@executable_path/Frameworks",
				);
				MARKETING_VERSION = 1.0;
				PRODUCT_BUNDLE_IDENTIFIER = squad52.dev.Llinks;
				PRODUCT_NAME = "$(TARGET_NAME)";
				STRING_CATALOG_GENERATE_SYMBOLS = YES;
				SWIFT_APPROACHABLE_CONCURRENCY = YES;
				SWIFT_DEFAULT_ACTOR_ISOLATION = MainActor;
				SWIFT_EMIT_LOC_STRINGS = YES;
				SWIFT_UPCOMING_FEATURE_MEMBER_IMPORT_VISIBILITY = YES;
				SWIFT_VERSION = 5.0;
				TARGETED_DEVICE_FAMILY = "1,2";
			};
			name = Debug;
		};
		2272962D2F2DF3BD00F823AB /* Release */ = {
			isa = XCBuildConfiguration;
			buildSettings = {
				ASSETCATALOG_COMPILER_APPICON_NAME = AppIcon;
				ASSETCATALOG_COMPILER_GLOBAL_ACCENT_COLOR_NAME = AccentColor;
				CODE_SIGN_STYLE = Automatic;
				CURRENT_PROJECT_VERSION = 1;
				DEVELOPMENT_TEAM = 2NXN9F6VAY;
				ENABLE_PREVIEWS = YES;
				GENERATE_INFOPLIST_FILE = YES;
				INFOPLIST_FILE = Llinks/Info.plist;
				INFOPLIST_KEY_UIApplicationSceneManifest_Generation = YES;
				INFOPLIST_KEY_UIApplicationSupportsIndirectInputEvents = YES;
				INFOPLIST_KEY_UILaunchScreen_Generation = YES;
				INFOPLIST_KEY_UISupportedInterfaceOrientations_iPad = "UIInterfaceOrientationPortrait UIInterfaceOrientationPortraitUpsideDown UIInterfaceOrientationLandscapeLeft UIInterfaceOrientationLandscapeRight";
				INFOPLIST_KEY_UISupportedInterfaceOrientations_iPhone = "UIInterfaceOrientationPortrait UIInterfaceOrientationLandscapeLeft UIInterfaceOrientationLandscapeRight";
				LD_RUNPATH_SEARCH_PATHS = (
					"$(inherited)",
					"@executable_path/Frameworks",
				);
				MARKETING_VERSION = 1.0;
				PRODUCT_BUNDLE_IDENTIFIER = squad52.dev.Llinks;
				PRODUCT_NAME = "$(TARGET_NAME)";
				STRING_CATALOG_GENERATE_SYMBOLS = YES;
				SWIFT_APPROACHABLE_CONCURRENCY = YES;
				SWIFT_DEFAULT_ACTOR_ISOLATION = MainActor;
				SWIFT_EMIT_LOC_STRINGS = YES;
				SWIFT_UPCOMING_FEATURE_MEMBER_IMPORT_VISIBILITY = YES;
				SWIFT_VERSION = 5.0;
				TARGETED_DEVICE_FAMILY = "1,2";
			};
			name = Release;
		};
		2272962F2F2DF3BD00F823AB /* Debug */ = {
			isa = XCBuildConfiguration;
			buildSettings = {
				BUNDLE_LOADER = "$(TEST_HOST)";
				CODE_SIGN_STYLE = Automatic;
				CURRENT_PROJECT_VERSION = 1;
				DEVELOPMENT_TEAM = 2NXN9F6VAY;
				GENERATE_INFOPLIST_FILE = YES;
				IPHONEOS_DEPLOYMENT_TARGET = 26.2;
				MARKETING_VERSION = 1.0;
				PRODUCT_BUNDLE_IDENTIFIER = squad52.dev.LlinksTests;
				PRODUCT_NAME = "$(TARGET_NAME)";
				STRING_CATALOG_GENERATE_SYMBOLS = NO;
				SWIFT_APPROACHABLE_CONCURRENCY = YES;
				SWIFT_EMIT_LOC_STRINGS = NO;
				SWIFT_UPCOMING_FEATURE_MEMBER_IMPORT_VISIBILITY = YES;
				SWIFT_VERSION = 5.0;
				TARGETED_DEVICE_FAMILY = "1,2";
				TEST_HOST = "$(BUILT_PRODUCTS_DIR)/Llinks.app/$(BUNDLE_EXECUTABLE_FOLDER_PATH)/Llinks";
			};
			name = Debug;
		};
		227296302F2DF3BD00F823AB /* Release */ = {
			isa = XCBuildConfiguration;
			buildSettings = {
				BUNDLE_LOADER = "$(TEST_HOST)";
				CODE_SIGN_STYLE = Automatic;
				CURRENT_PROJECT_VERSION = 1;
				DEVELOPMENT_TEAM = 2NXN9F6VAY;
				GENERATE_INFOPLIST_FILE = YES;
				IPHONEOS_DEPLOYMENT_TARGET = 26.2;
				MARKETING_VERSION = 1.0;
				PRODUCT_BUNDLE_IDENTIFIER = squad52.dev.LlinksTests;
				PRODUCT_NAME = "$(TARGET_NAME)";
				STRING_CATALOG_GENERATE_SYMBOLS = NO;
				SWIFT_APPROACHABLE_CONCURRENCY = YES;
				SWIFT_EMIT_LOC_STRINGS = NO;
				SWIFT_UPCOMING_FEATURE_MEMBER_IMPORT_VISIBILITY = YES;
				SWIFT_VERSION = 5.0;
				TARGETED_DEVICE_FAMILY = "1,2";
				TEST_HOST = "$(BUILT_PRODUCTS_DIR)/Llinks.app/$(BUNDLE_EXECUTABLE_FOLDER_PATH)/Llinks";
			};
			name = Release;
		};
		227296322F2DF3BD00F823AB /* Debug */ = {
			isa = XCBuildConfiguration;
			buildSettings = {
				CODE_SIGN_STYLE = Automatic;
				CURRENT_PROJECT_VERSION = 1;
				DEVELOPMENT_TEAM = 2NXN9F6VAY;
				GENERATE_INFOPLIST_FILE = YES;
				MARKETING_VERSION = 1.0;
				PRODUCT_BUNDLE_IDENTIFIER = squad52.dev.LlinksUITests;
				PRODUCT_NAME = "$(TARGET_NAME)";
				STRING_CATALOG_GENERATE_SYMBOLS = NO;
				SWIFT_APPROACHABLE_CONCURRENCY = YES;
				SWIFT_EMIT_LOC_STRINGS = NO;
				SWIFT_UPCOMING_FEATURE_MEMBER_IMPORT_VISIBILITY = YES;
				SWIFT_VERSION = 5.0;
				TARGETED_DEVICE_FAMILY = "1,2";
				TEST_TARGET_NAME = Llinks;
			};
			name = Debug;
		};
		227296332F2DF3BD00F823AB /* Release */ = {
			isa = XCBuildConfiguration;
			buildSettings = {
				CODE_SIGN_STYLE = Automatic;
				CURRENT_PROJECT_VERSION = 1;
				DEVELOPMENT_TEAM = 2NXN9F6VAY;
				GENERATE_INFOPLIST_FILE = YES;
				MARKETING_VERSION = 1.0;
				PRODUCT_BUNDLE_IDENTIFIER = squad52.dev.LlinksUITests;
				PRODUCT_NAME = "$(TARGET_NAME)";
				STRING_CATALOG_GENERATE_SYMBOLS = NO;
				SWIFT_APPROACHABLE_CONCURRENCY = YES;
				SWIFT_EMIT_LOC_STRINGS = NO;
				SWIFT_UPCOMING_FEATURE_MEMBER_IMPORT_VISIBILITY = YES;
				SWIFT_VERSION = 5.0;
				TARGETED_DEVICE_FAMILY = "1,2";
				TEST_TARGET_NAME = Llinks;
			};
			name = Release;
		};
/* End XCBuildConfiguration section */

/* Begin XCConfigurationList section */
		227296032F2DF3BB00F823AB /* Build configuration list for PBXProject "Llinks" */ = {
			isa = XCConfigurationList;
			buildConfigurations = (
				227296292F2DF3BD00F823AB /* Debug */,
				2272962A2F2DF3BD00F823AB /* Release */,
			);
			defaultConfigurationIsVisible = 0;
			defaultConfigurationName = Release;
		};
		2272962B2F2DF3BD00F823AB /* Build configuration list for PBXNativeTarget "Llinks" */ = {
			isa = XCConfigurationList;
			buildConfigurations = (
				2272962C2F2DF3BD00F823AB /* Debug */,
				2272962D2F2DF3BD00F823AB /* Release */,
			);
			defaultConfigurationIsVisible = 0;
			defaultConfigurationName = Release;
		};
		2272962E2F2DF3BD00F823AB /* Build configuration list for PBXNativeTarget "LlinksTests" */ = {
			isa = XCConfigurationList;
			buildConfigurations = (
				2272962F2F2DF3BD00F823AB /* Debug */,
				227296302F2DF3BD00F823AB /* Release */,
			);
			defaultConfigurationIsVisible = 0;
			defaultConfigurationName = Release;
		};
		227296312F2DF3BD00F823AB /* Build configuration list for PBXNativeTarget "LlinksUITests" */ = {
			isa = XCConfigurationList;
			buildConfigurations = (
				227296322F2DF3BD00F823AB /* Debug */,
				227296332F2DF3BD00F823AB /* Release */,
			);
			defaultConfigurationIsVisible = 0;
			defaultConfigurationName = Release;
		};
/* End XCConfigurationList section */

/* Begin XCRemoteSwiftPackageReference section */
		22C842752F2F57C90007A038 /* XCRemoteSwiftPackageReference "firebase-ios-sdk" */ = {
			isa = XCRemoteSwiftPackageReference;
			repositoryURL = "https://github.com/firebase/firebase-ios-sdk";
			requirement = {
				kind = upToNextMajorVersion;
				minimumVersion = 12.8.0;
			};
		};
		22C842802F2F59A00007A038 /* XCRemoteSwiftPackageReference "GoogleSignIn-iOS" */ = {
			isa = XCRemoteSwiftPackageReference;
			repositoryURL = "https://github.com/google/GoogleSignIn-iOS";
			requirement = {
				kind = upToNextMajorVersion;
				minimumVersion = 8.0.0;
			};
		};
		22C844512F2FEF660007A038 /* XCRemoteSwiftPackageReference "GoogleSignIn-iOS" */ = {
			isa = XCRemoteSwiftPackageReference;
			repositoryURL = "https://github.com/google/GoogleSignIn-iOS";
			requirement = {
				kind = upToNextMajorVersion;
				minimumVersion = 9.1.0;
			};
		};
		22C8455F2F35C1690007A038 /* XCRemoteSwiftPackageReference "WebRTC" */ = {
			isa = XCRemoteSwiftPackageReference;
			repositoryURL = "https://github.com/stasel/WebRTC.git";
			requirement = {
				kind = upToNextMajorVersion;
				minimumVersion = 141.0.0;
			};
		};
/* End XCRemoteSwiftPackageReference section */

/* Begin XCSwiftPackageProductDependency section */
		22C842762F2F59570007A038 /* FirebaseAuth */ = {
			isa = XCSwiftPackageProductDependency;
			package = 22C842752F2F57C90007A038 /* XCRemoteSwiftPackageReference "firebase-ios-sdk" */;
			productName = FirebaseAuth;
		};
		22C842782F2F59650007A038 /* FirebaseFirestore */ = {
			isa = XCSwiftPackageProductDependency;
			package = 22C842752F2F57C90007A038 /* XCRemoteSwiftPackageReference "firebase-ios-sdk" */;
			productName = FirebaseFirestore;
		};
		22C8427A2F2F59720007A038 /* FirebaseStorage */ = {
			isa = XCSwiftPackageProductDependency;
			package = 22C842752F2F57C90007A038 /* XCRemoteSwiftPackageReference "firebase-ios-sdk" */;
			productName = FirebaseStorage;
		};
		22C8427C2F2F597F0007A038 /* FirebaseDatabase */ = {
			isa = XCSwiftPackageProductDependency;
			package = 22C842752F2F57C90007A038 /* XCRemoteSwiftPackageReference "firebase-ios-sdk" */;
			productName = FirebaseDatabase;
		};
		22C8427E2F2F598C0007A038 /* FirebaseAnalytics */ = {
			isa = XCSwiftPackageProductDependency;
			package = 22C842752F2F57C90007A038 /* XCRemoteSwiftPackageReference "firebase-ios-sdk" */;
			productName = FirebaseAnalytics;
		};
		22C842812F2F59B00007A038 /* GoogleSignIn */ = {
			isa = XCSwiftPackageProductDependency;
			package = 22C842802F2F59A00007A038 /* XCRemoteSwiftPackageReference "GoogleSignIn-iOS" */;
			productName = GoogleSignIn;
		};
		22C844522F2FEF660007A038 /* GoogleSignInSwift */ = {
			isa = XCSwiftPackageProductDependency;
			package = 22C844512F2FEF660007A038 /* XCRemoteSwiftPackageReference "GoogleSignIn-iOS" */;
			productName = GoogleSignInSwift;
		};
		22C845602F35C1690007A038 /* WebRTC */ = {
			isa = XCSwiftPackageProductDependency;
			package = 22C8455F2F35C1690007A038 /* XCRemoteSwiftPackageReference "WebRTC" */;
			productName = WebRTC;
		};
/* End XCSwiftPackageProductDependency section */
	};
	rootObject = 227296002F2DF3BB00F823AB /* Project object */;
}
